<?xml version="1.0" encoding="utf-8"?>
<Project ToolsVersion="4.0" xmlns="http://schemas.microsoft.com/developer/msbuild/2003">
  <ItemGroup>
    <Filter Include="Fichiers sources">
      <UniqueIdentifier>{4FC737F1-C7A5-4376-A066-2A32D752A2FF}</UniqueIdentifier>
      <Extensions>cpp;c;cc;cxx;c++;cppm;ixx;def;odl;idl;hpj;bat;asm;asmx</Extensions>
    </Filter>
    <Filter Include="Fichiers d%27en-tête">
      <UniqueIdentifier>{93995380-89BD-4b04-88EB-625FBE52EBFB}</UniqueIdentifier>
      <Extensions>h;hh;hpp;hxx;h++;hm;inl;inc;ipp;xsd</Extensions>
    </Filter>
    <Filter Include="Fichiers de ressources">
      <UniqueIdentifier>{67DA6AB6-F800-4c08-8B7A-83BB121AAD01}</UniqueIdentifier>
      <Extensions>rc;ico;cur;bmp;dlg;rc2;rct;bin;rgs;gif;jpg;jpeg;jpe;resx;tiff;tif;png;wav;mfcribbon-ms</Extensions>
    </Filter>
    <Filter Include="Fichiers sources\IMGUI">
      <UniqueIdentifier>{1eefbfa2-8c66-4f4a-8552-c81591bdea33}</UniqueIdentifier>
    </Filter>
    <Filter Include="Fichiers d%27en-tête\IMGUI">
      <UniqueIdentifier>{c2ed9d41-8d64-468e-b700-d6d653c1caee}</UniqueIdentifier>
    </Filter>
    <Filter Include="Fichiers sources\CORE">
      <UniqueIdentifier>{e30917a1-33ee-4966-85ee-a44942a7fc31}</UniqueIdentifier>
    </Filter>
    <Filter Include="Fichiers sources\STATE">
      <UniqueIdentifier>{2c03379f-3570-4dcf-852f-ecc530bb7b93}</UniqueIdentifier>
    </Filter>
    <Filter Include="Fichiers d%27en-tête\CORE">
      <UniqueIdentifier>{62a3dd04-0a76-4b7e-98c0-db2702acd75c}</UniqueIdentifier>
    </Filter>
    <Filter Include="Fichiers d%27en-tête\STATE">
      <UniqueIdentifier>{75cf7c6b-9f50-489b-a43f-1cf9feb726ea}</UniqueIdentifier>
    </Filter>
    <Filter Include="Fichiers sources\RESSOURCES">
      <UniqueIdentifier>{239b0bee-2c1f-4b73-8c85-ef6360571aa4}</UniqueIdentifier>
    </Filter>
    <Filter Include="Fichiers d%27en-tête\RESSOURCES">
      <UniqueIdentifier>{f90b3dbe-ffc1-4e1a-9185-283472a69e8a}</UniqueIdentifier>
    </Filter>
    <Filter Include="Fichiers sources\GAMEOBJECT">
      <UniqueIdentifier>{0a9a3ada-b4da-4ed1-894c-67c9526fa602}</UniqueIdentifier>
    </Filter>
    <Filter Include="Fichiers d%27en-tête\GAMEOBJECT">
      <UniqueIdentifier>{6349d9eb-6597-4d09-8c89-0f1a2d63dab7}</UniqueIdentifier>
    </Filter>
    <Filter Include="Fichiers sources\SOFTWARE UI">
      <UniqueIdentifier>{1ddaf243-ab37-408f-b77e-626f72407ce4}</UniqueIdentifier>
    </Filter>
    <Filter Include="Fichiers sources\SOFTWARE UI\CONTENT_BROWSER">
      <UniqueIdentifier>{85aa7a01-198e-48c9-8af7-7773d1c8a9f8}</UniqueIdentifier>
    </Filter>
    <Filter Include="Fichiers d%27en-tête\SOFTWARE UI">
      <UniqueIdentifier>{ad6250ce-bef9-4e6d-a974-d58b04644973}</UniqueIdentifier>
    </Filter>
    <Filter Include="Fichiers d%27en-tête\SOFTWARE UI\CONTENT_BROWSER">
      <UniqueIdentifier>{7aab1ab8-ec4f-4dc1-b7de-56bbcc73a630}</UniqueIdentifier>
    </Filter>
  </ItemGroup>
  <ItemGroup>
    <ClCompile Include="IMGUI\imgui-SFML.cpp">
      <Filter>Fichiers sources\IMGUI</Filter>
    </ClCompile>
    <ClCompile Include="IMGUI\imgui_widgets.cpp">
      <Filter>Fichiers sources\IMGUI</Filter>
    </ClCompile>
    <ClCompile Include="IMGUI\imgui.cpp">
      <Filter>Fichiers sources\IMGUI</Filter>
    </ClCompile>
    <ClCompile Include="IMGUI\imgui_demo.cpp">
      <Filter>Fichiers sources\IMGUI</Filter>
    </ClCompile>
    <ClCompile Include="IMGUI\imgui_draw.cpp">
      <Filter>Fichiers sources\IMGUI</Filter>
    </ClCompile>
    <ClCompile Include="IMGUI\imgui_tables.cpp">
      <Filter>Fichiers sources\IMGUI</Filter>
    </ClCompile>
    <ClCompile Include="main.cpp">
      <Filter>Fichiers sources\CORE</Filter>
    </ClCompile>
    <ClCompile Include="Game.cpp">
      <Filter>Fichiers sources\CORE</Filter>
    </ClCompile>
    <ClCompile Include="EditorState.cpp">
      <Filter>Fichiers sources\STATE</Filter>
    </ClCompile>
    <ClCompile Include="State.cpp">
      <Filter>Fichiers sources\STATE</Filter>
    </ClCompile>
    <ClCompile Include="Folder.cpp">
      <Filter>Fichiers sources\SOFTWARE UI\CONTENT_BROWSER</Filter>
    </ClCompile>
    <ClCompile Include="GameComponent.cpp">
      <Filter>Fichiers sources\GAMEOBJECT</Filter>
    </ClCompile>
    <ClCompile Include="GameObject.cpp">
      <Filter>Fichiers sources\GAMEOBJECT</Filter>
    </ClCompile>
    <ClCompile Include="Transform.cpp">
      <Filter>Fichiers sources\GAMEOBJECT</Filter>
    </ClCompile>
    <ClCompile Include="Font.cpp">
      <Filter>Fichiers sources\RESSOURCES</Filter>
    </ClCompile>
    <ClCompile Include="AI.cpp">
      <Filter>Fichiers sources\RESSOURCES</Filter>
    </ClCompile>
    <ClCompile Include="Button.cpp">
      <Filter>Fichiers sources\RESSOURCES</Filter>
    </ClCompile>
    <ClCompile Include="BrowserContent.cpp">
      <Filter>Fichiers sources\SOFTWARE UI\CONTENT_BROWSER</Filter>
    </ClCompile>
    <ClCompile Include="Ressource.cpp">
      <Filter>Fichiers sources\RESSOURCES</Filter>
    </ClCompile>
    <ClCompile Include="Event.cpp">
      <Filter>Fichiers sources\RESSOURCES</Filter>
    </ClCompile>
    <ClCompile Include="BehaviorTree.cpp">
      <Filter>Fichiers sources\RESSOURCES</Filter>
    </ClCompile>
    <ClCompile Include="RigidBody.cpp">
      <Filter>Fichiers sources\GAMEOBJECT</Filter>
    </ClCompile>
    <ClCompile Include="Texture.cpp">
      <Filter>Fichiers sources\RESSOURCES</Filter>
    </ClCompile>
    <ClCompile Include="imnodes.cpp">
      <Filter>Fichiers sources\IMGUI</Filter>
    </ClCompile>
    <ClCompile Include="Particule.cpp">
      <Filter>Fichiers sources\RESSOURCES</Filter>
    </ClCompile>
    <ClCompile Include="tools_imgui.cpp">
      <Filter>Fichiers sources\CORE</Filter>
    </ClCompile>
    <ClCompile Include="Hierarchie.cpp">
      <Filter>Fichiers sources\SOFTWARE UI</Filter>
    </ClCompile>
    <ClCompile Include="MainMenu.cpp">
      <Filter>Fichiers sources\SOFTWARE UI</Filter>
    </ClCompile>
    <ClCompile Include="ToolsBar.cpp">
      <Filter>Fichiers sources\SOFTWARE UI</Filter>
    </ClCompile>
    <ClCompile Include="Viewport.cpp">
      <Filter>Fichiers sources\SOFTWARE UI</Filter>
    </ClCompile>
  </ItemGroup>
  <ItemGroup>
    <ClInclude Include="IMGUI\imconfig.h">
      <Filter>Fichiers d%27en-tête\IMGUI</Filter>
    </ClInclude>
    <ClInclude Include="IMGUI\imconfig-SFML.h">
      <Filter>Fichiers d%27en-tête\IMGUI</Filter>
    </ClInclude>
    <ClInclude Include="IMGUI\imgui.h">
      <Filter>Fichiers d%27en-tête\IMGUI</Filter>
    </ClInclude>
    <ClInclude Include="IMGUI\imgui_internal.h">
      <Filter>Fichiers d%27en-tête\IMGUI</Filter>
    </ClInclude>
    <ClInclude Include="IMGUI\imgui-SFML.h">
      <Filter>Fichiers d%27en-tête\IMGUI</Filter>
    </ClInclude>
    <ClInclude Include="IMGUI\imgui-SFML_export.h">
      <Filter>Fichiers d%27en-tête\IMGUI</Filter>
    </ClInclude>
    <ClInclude Include="IMGUI\imstb_rectpack.h">
      <Filter>Fichiers d%27en-tête\IMGUI</Filter>
    </ClInclude>
    <ClInclude Include="IMGUI\imstb_textedit.h">
      <Filter>Fichiers d%27en-tête\IMGUI</Filter>
    </ClInclude>
    <ClInclude Include="IMGUI\imstb_truetype.h">
      <Filter>Fichiers d%27en-tête\IMGUI</Filter>
    </ClInclude>
    <ClInclude Include="Game.h">
      <Filter>Fichiers d%27en-tête\CORE</Filter>
    </ClInclude>
    <ClInclude Include="EditorState.h">
      <Filter>Fichiers d%27en-tête\STATE</Filter>
    </ClInclude>
    <ClInclude Include="State.h">
      <Filter>Fichiers d%27en-tête\STATE</Filter>
    </ClInclude>
    <ClInclude Include="GameComponent.h">
      <Filter>Fichiers d%27en-tête\GAMEOBJECT</Filter>
    </ClInclude>
    <ClInclude Include="GameObject.h">
      <Filter>Fichiers d%27en-tête\GAMEOBJECT</Filter>
    </ClInclude>
    <ClInclude Include="Folder.h">
      <Filter>Fichiers d%27en-tête\SOFTWARE UI\CONTENT_BROWSER</Filter>
    </ClInclude>
    <ClInclude Include="Transform.h">
      <Filter>Fichiers d%27en-tête\GAMEOBJECT</Filter>
    </ClInclude>
    <ClInclude Include="AI.h">
      <Filter>Fichiers d%27en-tête\RESSOURCES</Filter>
    </ClInclude>
    <ClInclude Include="Button.h">
      <Filter>Fichiers d%27en-tête\RESSOURCES</Filter>
    </ClInclude>
    <ClInclude Include="Font.h">
      <Filter>Fichiers d%27en-tête\RESSOURCES</Filter>
    </ClInclude>
    <ClInclude Include="Texture.h">
      <Filter>Fichiers d%27en-tête\RESSOURCES</Filter>
    </ClInclude>
    <ClInclude Include="Ressource.h">
      <Filter>Fichiers d%27en-tête\RESSOURCES</Filter>
    </ClInclude>
    <ClInclude Include="BrowserContent.h">
      <Filter>Fichiers d%27en-tête\SOFTWARE UI\CONTENT_BROWSER</Filter>
    </ClInclude>
    <ClInclude Include="Event.h">
      <Filter>Fichiers d%27en-tête\RESSOURCES</Filter>
    </ClInclude>
    <ClInclude Include="BehaviorTree.h">
      <Filter>Fichiers d%27en-tête\RESSOURCES</Filter>
    </ClInclude>
    <ClInclude Include="RigidBody.h">
      <Filter>Fichiers d%27en-tête\GAMEOBJECT</Filter>
    </ClInclude>
    <ClInclude Include="imnodes.h">
      <Filter>Fichiers d%27en-tête\IMGUI</Filter>
    </ClInclude>
    <ClInclude Include="imnodes_internal.h">
      <Filter>Fichiers d%27en-tête\IMGUI</Filter>
    </ClInclude>
    <ClInclude Include="Particule.h">
      <Filter>Fichiers d%27en-tête\RESSOURCES</Filter>
    </ClInclude>
    <ClInclude Include="tools_imgui.h">
      <Filter>Fichiers d%27en-tête\CORE</Filter>
    </ClInclude>
    <ClInclude Include="Viewport.h">
      <Filter>Fichiers d%27en-tête\SOFTWARE UI</Filter>
    </ClInclude>
    <ClInclude Include="Hierarchie.h">
      <Filter>Fichiers d%27en-tête\SOFTWARE UI</Filter>
    </ClInclude>
    <ClInclude Include="MainMenu.h">
      <Filter>Fichiers d%27en-tête\SOFTWARE UI</Filter>
    </ClInclude>
    <ClInclude Include="ToolsBar.h">
      <Filter>Fichiers d%27en-tête\SOFTWARE UI</Filter>
    </ClInclude>
  </ItemGroup>
  <ItemGroup>
    <None Include="LogiCraft.licenseheader" />
  </ItemGroup>
</Project>