<?xml version="1.0" encoding="utf-8"?>
<Project ToolsVersion="4.0" xmlns="http://schemas.microsoft.com/developer/msbuild/2003">
  <ItemGroup>
    <Filter Include="Fichiers sources">
      <UniqueIdentifier>{4FC737F1-C7A5-4376-A066-2A32D752A2FF}</UniqueIdentifier>
      <Extensions>cpp;c;cc;cxx;c++;cppm;ixx;def;odl;idl;hpj;bat;asm;asmx</Extensions>
    </Filter>
    <Filter Include="Fichiers d%27en-tête">
      <UniqueIdentifier>{93995380-89BD-4b04-88EB-625FBE52EBFB}</UniqueIdentifier>
      <Extensions>h;hh;hpp;hxx;h++;hm;inl;inc;ipp;xsd</Extensions>
    </Filter>
    <Filter Include="Fichiers de ressources">
      <UniqueIdentifier>{67DA6AB6-F800-4c08-8B7A-83BB121AAD01}</UniqueIdentifier>
      <Extensions>rc;ico;cur;bmp;dlg;rc2;rct;bin;rgs;gif;jpg;jpeg;jpe;resx;tiff;tif;png;wav;mfcribbon-ms</Extensions>
    </Filter>
    <Filter Include="Fichiers d%27en-tête\ENGINE">
      <UniqueIdentifier>{20ebe7de-1f20-4842-94f6-cbac5610767e}</UniqueIdentifier>
    </Filter>
    <Filter Include="Fichiers sources\ENGINE">
      <UniqueIdentifier>{4900f977-c3ef-41fb-ac80-378a3d433a76}</UniqueIdentifier>
    </Filter>
    <Filter Include="Fichiers sources\ENGINE\MANAGER">
      <UniqueIdentifier>{af672846-3d7e-4c88-a77b-e319fe4ba052}</UniqueIdentifier>
    </Filter>
    <Filter Include="Fichiers sources\ENGINE\TOOLS">
      <UniqueIdentifier>{2d908aec-628f-4023-af6e-9005e56288eb}</UniqueIdentifier>
    </Filter>
    <Filter Include="Fichiers d%27en-tête\ENGINE\TOOLS">
      <UniqueIdentifier>{a84f35d3-7591-4504-ba95-1e0a2a010090}</UniqueIdentifier>
    </Filter>
    <Filter Include="Fichiers d%27en-tête\ENGINE\MANAGER">
      <UniqueIdentifier>{3161abba-11b7-41cd-9581-b9017b731746}</UniqueIdentifier>
    </Filter>
  </ItemGroup>
  <ItemGroup>
    <ClCompile Include="AudioManager.cpp">
      <Filter>Fichiers sources\ENGINE\MANAGER</Filter>
    </ClCompile>
    <ClCompile Include="FontManager.cpp">
      <Filter>Fichiers sources\ENGINE\MANAGER</Filter>
    </ClCompile>
    <ClCompile Include="RessourcesManager.cpp">
      <Filter>Fichiers sources\ENGINE\MANAGER</Filter>
    </ClCompile>
    <ClCompile Include="TexturesManager.cpp">
      <Filter>Fichiers sources\ENGINE\MANAGER</Filter>
    </ClCompile>
    <ClCompile Include="WindowManager.cpp">
      <Filter>Fichiers sources\ENGINE\MANAGER</Filter>
    </ClCompile>
    <ClCompile Include="Tools.cpp">
      <Filter>Fichiers sources\ENGINE\TOOLS</Filter>
    </ClCompile>
    <ClCompile Include="Sprite.cpp">
      <Filter>Fichiers sources\ENGINE\TOOLS</Filter>
    </ClCompile>
    <ClCompile Include="MovieManager.cpp">
      <Filter>Fichiers sources\ENGINE\MANAGER</Filter>
    </ClCompile>
  </ItemGroup>
  <ItemGroup>
    <ClInclude Include="AudioManager.h">
      <Filter>Fichiers d%27en-tête\ENGINE\MANAGER</Filter>
    </ClInclude>
    <ClInclude Include="FontManager.h">
      <Filter>Fichiers d%27en-tête\ENGINE\MANAGER</Filter>
    </ClInclude>
    <ClInclude Include="RessourcesManager.h">
      <Filter>Fichiers d%27en-tête\ENGINE\MANAGER</Filter>
    </ClInclude>
    <ClInclude Include="TexturesManager.h">
      <Filter>Fichiers d%27en-tête\ENGINE\MANAGER</Filter>
    </ClInclude>
    <ClInclude Include="WindowManager.h">
      <Filter>Fichiers d%27en-tête\ENGINE\MANAGER</Filter>
    </ClInclude>
    <ClInclude Include="Sprite.h">
      <Filter>Fichiers d%27en-tête\ENGINE\TOOLS</Filter>
    </ClInclude>
    <ClInclude Include="Tools.h">
      <Filter>Fichiers d%27en-tête\ENGINE\TOOLS</Filter>
    </ClInclude>
    <ClInclude Include="MovieManager.h">
      <Filter>Fichiers d%27en-tête\ENGINE\MANAGER</Filter>
    </ClInclude>
  </ItemGroup>
  <ItemGroup>
    <None Include="..\..\..\..\NSS\BehindYou\BehindYou.sln.licenseheader" />
  </ItemGroup>
</Project>